// !$*UTF8*$!
{
	archiveVersion = 1;
	classes = {
	};
	objectVersion = 46;
	objects = {

/* Begin PBXBuildFile section */
		B59194181D4887D000E28A80 /* main.m in Sources */ = {isa = PBXBuildFile; fileRef = B59194171D4887D000E28A80 /* main.m */; };
		B591941B1D4887D000E28A80 /* AppDelegate.m in Sources */ = {isa = PBXBuildFile; fileRef = B591941A1D4887D000E28A80 /* AppDelegate.m */; };
		B591941E1D4887D000E28A80 /* ViewController.m in Sources */ = {isa = PBXBuildFile; fileRef = B591941D1D4887D000E28A80 /* ViewController.m */; };
		B59194211D4887D000E28A80 /* Main.storyboard in Resources */ = {isa = PBXBuildFile; fileRef = B591941F1D4887D000E28A80 /* Main.storyboard */; };
		B59194231D4887D000E28A80 /* Assets.xcassets in Resources */ = {isa = PBXBuildFile; fileRef = B59194221D4887D000E28A80 /* Assets.xcassets */; };
		B59194261D4887D000E28A80 /* LaunchScreen.storyboard in Resources */ = {isa = PBXBuildFile; fileRef = B59194241D4887D000E28A80 /* LaunchScreen.storyboard */; };
		B59194321D48881800E28A80 /* DBSphereView.m in Sources */ = {isa = PBXBuildFile; fileRef = B59194311D48881800E28A80 /* DBSphereView.m */; };
/* End PBXBuildFile section */

/* Begin PBXFileReference section */
		B59194131D4887D000E28A80 /* JYCircleController.app */ = {isa = PBXFileReference; explicitFileType = wrapper.application; includeInIndex = 0; path = JYCircleController.app; sourceTree = BUILT_PRODUCTS_DIR; };
		B59194171D4887D000E28A80 /* main.m */ = {isa = PBXFileReference; lastKnownFileType = sourcecode.c.objc; path = main.m; sourceTree = "<group>"; };
		B59194191D4887D000E28A80 /* AppDelegate.h */ = {isa = PBXFileReference; lastKnownFileType = sourcecode.c.h; path = AppDelegate.h; sourceTree = "<group>"; };
		B591941A1D4887D000E28A80 /* AppDelegate.m */ = {isa = PBXFileReference; lastKnownFileType = sourcecode.c.objc; path = AppDelegate.m; sourceTree = "<group>"; };
		B591941C1D4887D000E28A80 /* ViewController.h */ = {isa = PBXFileReference; lastKnownFileType = sourcecode.c.h; path = ViewController.h; sourceTree = "<group>"; };
		B591941D1D4887D000E28A80 /* ViewController.m */ = {isa = PBXFileReference; lastKnownFileType = sourcecode.c.objc; path = ViewController.m; sourceTree = "<group>"; };
		B59194201D4887D000E28A80 /* Base */ = {isa = PBXFileReference; lastKnownFileType = file.storyboard; name = Base; path = Base.lproj/Main.storyboard; sourceTree = "<group>"; };
		B59194221D4887D000E28A80 /* Assets.xcassets */ = {isa = PBXFileReference; lastKnownFileType = folder.assetcatalog; path = Assets.xcassets; sourceTree = "<group>"; };
		B59194251D4887D000E28A80 /* Base */ = {isa = PBXFileReference; lastKnownFileType = file.storyboard; name = Base; path = Base.lproj/LaunchScreen.storyboard; sourceTree = "<group>"; };
		B59194271D4887D000E28A80 /* Info.plist */ = {isa = PBXFileReference; lastKnownFileType = text.plist.xml; path = Info.plist; sourceTree = "<group>"; };
		B591942E1D48881800E28A80 /* DBMatrix.h */ = {isa = PBXFileReference; fileEncoding = 4; lastKnownFileType = sourcecode.c.h; path = DBMatrix.h; sourceTree = "<group>"; };
		B591942F1D48881800E28A80 /* DBPoint.h */ = {isa = PBXFileReference; fileEncoding = 4; lastKnownFileType = sourcecode.c.h; path = DBPoint.h; sourceTree = "<group>"; };
		B59194301D48881800E28A80 /* DBSphereView.h */ = {isa = PBXFileReference; fileEncoding = 4; lastKnownFileType = sourcecode.c.h; path = DBSphereView.h; sourceTree = "<group>"; };
		B59194311D48881800E28A80 /* DBSphereView.m */ = {isa = PBXFileReference; fileEncoding = 4; lastKnownFileType = sourcecode.c.objc; path = DBSphereView.m; sourceTree = "<group>"; };
/* End PBXFileReference section */

/* Begin PBXFrameworksBuildPhase section */
		B59194101D4887D000E28A80 /* Frameworks */ = {
			isa = PBXFrameworksBuildPhase;
			buildActionMask = 2147483647;
			files = (
			);
			runOnlyForDeploymentPostprocessing = 0;
		};
/* End PBXFrameworksBuildPhase section */

/* Begin PBXGroup section */
		B591940A1D4887D000E28A80 = {
			isa = PBXGroup;
			children = (
				B59194151D4887D000E28A80 /* JYCircleController */,
				B59194141D4887D000E28A80 /* Products */,
			);
			sourceTree = "<group>";
		};
		B59194141D4887D000E28A80 /* Products */ = {
			isa = PBXGroup;
			children = (
				B59194131D4887D000E28A80 /* JYCircleController.app */,
			);
			name = Products;
			sourceTree = "<group>";
		};
		B59194151D4887D000E28A80 /* JYCircleController */ = {
			isa = PBXGroup;
			children = (
				B591942D1D48881800E28A80 /* BallLabel */,
				B59194191D4887D000E28A80 /* AppDelegate.h */,
				B591941A1D4887D000E28A80 /* AppDelegate.m */,
				B591941C1D4887D000E28A80 /* ViewController.h */,
				B591941D1D4887D000E28A80 /* ViewController.m */,
				B591941F1D4887D000E28A80 /* Main.storyboard */,
				B59194221D4887D000E28A80 /* Assets.xcassets */,
				B59194241D4887D000E28A80 /* LaunchScreen.storyboard */,
				B59194271D4887D000E28A80 /* Info.plist */,
				B59194161D4887D000E28A80 /* Supporting Files */,
			);
			path = JYCircleController;
			sourceTree = "<group>";
		};
		B59194161D4887D000E28A80 /* Supporting Files */ = {
			isa = PBXGroup;
			children = (
				B59194171D4887D000E28A80 /* main.m */,
			);
			name = "Supporting Files";
			sourceTree = "<group>";
		};
		B591942D1D48881800E28A80 /* BallLabel */ = {
			isa = PBXGroup;
			children = (
				B591942E1D48881800E28A80 /* DBMatrix.h */,
				B591942F1D48881800E28A80 /* DBPoint.h */,
				B59194301D48881800E28A80 /* DBSphereView.h */,
				B59194311D48881800E28A80 /* DBSphereView.m */,
			);
			path = BallLabel;
			sourceTree = "<group>";
		};
/* End PBXGroup section */

/* Begin PBXNativeTarget section */
		B59194121D4887D000E28A80 /* JYCircleController */ = {
			isa = PBXNativeTarget;
			buildConfigurationList = B591942A1D4887D000E28A80 /* Build configuration list for PBXNativeTarget "JYCircleController" */;
			buildPhases = (
				B591940F1D4887D000E28A80 /* Sources */,
				B59194101D4887D000E28A80 /* Frameworks */,
				B59194111D4887D000E28A80 /* Resources */,
			);
			buildRules = (
			);
			dependencies = (
			);
			name = JYCircleController;
			productName = JYCircleController;
			productReference = B59194131D4887D000E28A80 /* JYCircleController.app */;
			productType = "com.apple.product-type.application";
		};
/* End PBXNativeTarget section */

/* Begin PBXProject section */
		B591940B1D4887D000E28A80 /* Project object */ = {
			isa = PBXProject;
			attributes = {
				LastUpgradeCheck = 0730;
				ORGANIZATIONNAME = JourneyYoung;
				TargetAttributes = {
					B59194121D4887D000E28A80 = {
						CreatedOnToolsVersion = 7.3.1;
					};
				};
			};
			buildConfigurationList = B591940E1D4887D000E28A80 /* Build configuration list for PBXProject "JYCircleController" */;
			compatibilityVersion = "Xcode 3.2";
			developmentRegion = English;
			hasScannedForEncodings = 0;
			knownRegions = (
				en,
				Base,
			);
			mainGroup = B591940A1D4887D000E28A80;
			productRefGroup = B59194141D4887D000E28A80 /* Products */;
			projectDirPath = "";
			projectRoot = "";
			targets = (
				B59194121D4887D000E28A80 /* JYCircleController */,
			);
		};
/* End PBXProject section */

/* Begin PBXResourcesBuildPhase section */
		B59194111D4887D000E28A80 /* Resources */ = {
			isa = PBXResourcesBuildPhase;
			buildActionMask = 2147483647;
			files = (
				B59194261D4887D000E28A80 /* LaunchScreen.storyboard in Resources */,
				B59194231D4887D000E28A80 /* Assets.xcassets in Resources */,
				B59194211D4887D000E28A80 /* Main.storyboard in Resources */,
			);
			runOnlyForDeploymentPostprocessing = 0;
		};
/* End PBXResourcesBuildPhase section */

/* Begin PBXSourcesBuildPhase section */
		B591940F1D4887D000E28A80 /* Sources */ = {
			isa = PBXSourcesBuildPhase;
			buildActionMask = 2147483647;
			files = (
				B591941E1D4887D000E28A80 /* ViewController.m in Sources */,
				B59194321D48881800E28A80 /* DBSphereView.m in Sources */,
				B591941B1D4887D000E28A80 /* AppDelegate.m in Sources */,
				B59194181D4887D000E28A80 /* main.m in Sources */,
			);
			runOnlyForDeploymentPostprocessing = 0;
		};
/* End PBXSourcesBuildPhase section */

/* Begin PBXVariantGroup section */
		B591941F1D4887D000E28A80 /* Main.storyboard */ = {
			isa = PBXVariantGroup;
			children = (
				B59194201D4887D000E28A80 /* Base */,
			);
			name = Main.storyboard;
			sourceTree = "<group>";
		};
		B59194241D4887D000E28A80 /* LaunchScreen.storyboard */ = {
			isa = PBXVariantGroup;
			children = (
				B59194251D4887D000E28A80 /* Base */,
			);
			name = LaunchScreen.storyboard;
			sourceTree = "<group>";
		};
/* End PBXVariantGroup section */

/* Begin XCBuildConfiguration section */
		B59194281D4887D000E28A80 /* Debug */ = {
			isa = XCBuildConfiguration;
			buildSettings = {
				ALWAYS_SEARCH_USER_PATHS = NO;
				CLANG_ANALYZER_NONNULL = YES;
				CLANG_CXX_LANGUAGE_STANDARD = "gnu++0x";
				CLANG_CXX_LIBRARY = "libc++";
				CLANG_ENABLE_MODULES = YES;
				CLANG_ENABLE_OBJC_ARC = YES;
				CLANG_WARN_BOOL_CONVERSION = YES;
				CLANG_WARN_CONSTANT_CONVERSION = YES;
				CLANG_WARN_DIRECT_OBJC_ISA_USAGE = YES_ERROR;
				CLANG_WARN_EMPTY_BODY = YES;
				CLANG_WARN_ENUM_CONVERSION = YES;
				CLANG_WARN_INT_CONVERSION = YES;
				CLANG_WARN_OBJC_ROOT_CLASS = YES_ERROR;
				CLANG_WARN_UNREACHABLE_CODE = YES;
				CLANG_WARN__DUPLICATE_METHOD_MATCH = YES;
				"CODE_SIGN_IDENTITY[sdk=iphoneos*]" = "iPhone Developer";
				COPY_PHASE_STRIP = NO;
				DEBUG_INFORMATION_FORMAT = dwarf;
				ENABLE_STRICT_OBJC_MSGSEND = YES;
				ENABLE_TESTABILITY = YES;
				GCC_C_LANGUAGE_STANDARD = gnu99;
				GCC_DYNAMIC_NO_PIC = NO;
				GCC_NO_COMMON_BLOCKS = YES;
				GCC_OPTIMIZATION_LEVEL = 0;
				GCC_PREPROCESSOR_DEFINITIONS = (
					"DEBUG=1",
					"$(inherited)",
				);
				GCC_WARN_64_TO_32_BIT_CONVERSION = YES;
				GCC_WARN_ABOUT_RETURN_TYPE = YES_ERROR;
				GCC_WARN_UNDECLARED_SELECTOR = YES;
				GCC_WARN_UNINITIALIZED_AUTOS = YES_AGGRESSIVE;
				GCC_WARN_UNUSED_FUNCTION = YES;
				GCC_WARN_UNUSED_VARIABLE = YES;
				IPHONEOS_DEPLOYMENT_TARGET = 9.3;
				MTL_ENABLE_DEBUG_INFO = YES;
				ONLY_ACTIVE_ARCH = YES;
				SDKROOT = iphoneos;
			};
			name = Debug;
		};
		B59194291D4887D000E28A80 /* Release */ = {
			isa = XCBuildConfiguration;
			buildSettings = {
				ALWAYS_SEARCH_USER_PATHS = NO;
				CLANG_ANALYZER_NONNULL = YES;
				CLANG_CXX_LANGUAGE_STANDARD = "gnu++0x";
				CLANG_CXX_LIBRARY = "libc++";
				CLANG_ENABLE_MODULES = YES;
				CLANG_ENABLE_OBJC_ARC = YES;
				CLANG_WARN_BOOL_CONVERSION = YES;
				CLANG_WARN_CONSTANT_CONVERSION = YES;
				CLANG_WARN_DIRECT_OBJC_ISA_USAGE = YES_ERROR;
				CLANG_WARN_EMPTY_BODY = YES;
				CLANG_WARN_ENUM_CONVERSION = YES;
				CLANG_WARN_INT_CONVERSION = YES;
				CLANG_WARN_OBJC_ROOT_CLASS = YES_ERROR;
				CLANG_WARN_UNREACHABLE_CODE = YES;
				CLANG_WARN__DUPLICATE_METHOD_MATCH = YES;
				"CODE_SIGN_IDENTITY[sdk=iphoneos*]" = "iPhone Developer";
				COPY_PHASE_STRIP = NO;
				DEBUG_INFORMATION_FORMAT = "dwarf-with-dsym";
				ENABLE_NS_ASSERTIONS = NO;
				ENABLE_STRICT_OBJC_MSGSEND = YES;
				GCC_C_LANGUAGE_STANDARD = gnu99;
				GCC_NO_COMMON_BLOCKS = YES;
				GCC_WARN_64_TO_32_BIT_CONVERSION = YES;
				GCC_WARN_ABOUT_RETURN_TYPE = YES_ERROR;
				GCC_WARN_UNDECLARED_SELECTOR = YES;
				GCC_WARN_UNINITIALIZED_AUTOS = YES_AGGRESSIVE;
				GCC_WARN_UNUSED_FUNCTION = YES;
				GCC_WARN_UNUSED_VARIABLE = YES;
				IPHONEOS_DEPLOYMENT_TARGET = 9.3;
				MTL_ENABLE_DEBUG_INFO = NO;
				SDKROOT = iphoneos;
				VALIDATE_PRODUCT = YES;
			};
			name = Release;
		};
		B591942B1D4887D000E28A80 /* Debug */ = {
			isa = XCBuildConfiguration;
			buildSettings = {
				ASSETCATALOG_COMPILER_APPICON_NAME = AppIcon;
				INFOPLIST_FILE = JYCircleController/Info.plist;
				LD_RUNPATH_SEARCH_PATHS = "$(inherited) @executable_path/Frameworks";
				PRODUCT_BUNDLE_IDENTIFIER = ZBJ.JYCircleController;
				PRODUCT_NAME = "$(TARGET_NAME)";
			};
			name = Debug;
		};
		B591942C1D4887D000E28A80 /* Release */ = {
			isa = XCBuildConfiguration;
			buildSettings = {
				ASSETCATALOG_COMPILER_APPICON_NAME = AppIcon;
				INFOPLIST_FILE = JYCircleController/Info.plist;
				LD_RUNPATH_SEARCH_PATHS = "$(inherited) @executable_path/Frameworks";
				PRODUCT_BUNDLE_IDENTIFIER = ZBJ.JYCircleController;
				PRODUCT_NAME = "$(TARGET_NAME)";
			};
			name = Release;
		};
/* End XCBuildConfiguration section */

/* Begin XCConfigurationList section */
		B591940E1D4887D000E28A80 /* Build configuration list for PBXProject "JYCircleController" */ = {
			isa = XCConfigurationList;
			buildConfigurations = (
				B59194281D4887D000E28A80 /* Debug */,
				B59194291D4887D000E28A80 /* Release */,
			);
			defaultConfigurationIsVisible = 0;
			defaultConfigurationName = Release;
		};
		B591942A1D4887D000E28A80 /* Build configuration list for PBXNativeTarget "JYCircleController" */ = {
			isa = XCConfigurationList;
			buildConfigurations = (
				B591942B1D4887D000E28A80 /* Debug */,
				B591942C1D4887D000E28A80 /* Release */,
			);
			defaultConfigurationIsVisible = 0;
		};
/* End XCConfigurationList section */
	};
	rootObject = B591940B1D4887D000E28A80 /* Project object */;
}
